
Microsoft Visual Studio Solution File, Format Version 12.00
# Visual Studio Version 17
VisualStudioVersion = 17.14.36623.8 d17.14
MinimumVisualStudioVersion = 10.0.40219.1
Project("{FAE04EC0-301F-11D3-BF4B-00C04F79EFBC}") = "day3", "day3.csproj", "{86A6BE7A-F924-41A5-AFCC-BB397D529F01}"
EndProject
Global
	GlobalSection(SolutionConfigurationPlatforms) = preSolution
		Debug|Any CPU = Debug|Any CPU
		Release|Any CPU = Release|Any CPU
	EndGlobalSection
	GlobalSection(ProjectConfigurationPlatforms) = postSolution
		{86A6BE7A-F924-41A5-AFCC-BB397D529F01}.Debug|Any CPU.ActiveCfg = Debug|Any CPU
		{86A6BE7A-F924-41A5-AFCC-BB397D529F01}.Debug|Any CPU.Build.0 = Debug|Any CPU
		{86A6BE7A-F924-41A5-AFCC-BB397D529F01}.Release|Any CPU.ActiveCfg = Release|Any CPU
		{86A6BE7A-F924-41A5-AFCC-BB397D529F01}.Release|Any CPU.Build.0 = Release|Any CPU
	EndGlobalSection
	GlobalSection(SolutionProperties) = preSolution
		HideSolutionNode = FALSE
	EndGlobalSection
	GlobalSection(ExtensibilityGlobals) = postSolution
		SolutionGuid = {393D6AF9-32EC-4748-A562-1A6047C5CC7A}
	EndGlobalSection
EndGlobal
