
Microsoft Visual Studio Solution File, Format Version 12.00
# Visual Studio Version 17
VisualStudioVersion = 17.14.36623.8 d17.14
MinimumVisualStudioVersion = 10.0.40219.1
Project("{FAE04EC0-301F-11D3-BF4B-00C04F79EFBC}") = "day2", "day2.csproj", "{A874680F-2D11-4752-B596-2CAF006529EF}"
EndProject
Global
	GlobalSection(SolutionConfigurationPlatforms) = preSolution
		Debug|Any CPU = Debug|Any CPU
		Release|Any CPU = Release|Any CPU
	EndGlobalSection
	GlobalSection(ProjectConfigurationPlatforms) = postSolution
		{A874680F-2D11-4752-B596-2CAF006529EF}.Debug|Any CPU.ActiveCfg = Debug|Any CPU
		{A874680F-2D11-4752-B596-2CAF006529EF}.Debug|Any CPU.Build.0 = Debug|Any CPU
		{A874680F-2D11-4752-B596-2CAF006529EF}.Release|Any CPU.ActiveCfg = Release|Any CPU
		{A874680F-2D11-4752-B596-2CAF006529EF}.Release|Any CPU.Build.0 = Release|Any CPU
	EndGlobalSection
	GlobalSection(SolutionProperties) = preSolution
		HideSolutionNode = FALSE
	EndGlobalSection
	GlobalSection(ExtensibilityGlobals) = postSolution
		SolutionGuid = {B05A76A9-E31C-44E4-89AB-64103DB27F4A}
	EndGlobalSection
EndGlobal
